// !$*UTF8*$!
{
	archiveVersion = 1;
	classes = {
	};
	objectVersion = 56;
	objects = {

/* Begin PBXBuildFile section */
		47EC015C29AEE5C300BD0F03 /* AppDelegate.swift in Sources */ = {isa = PBXBuildFile; fileRef = 47EC015B29AEE5C300BD0F03 /* AppDelegate.swift */; };
		47EC015E29AEE5C300BD0F03 /* SceneDelegate.swift in Sources */ = {isa = PBXBuildFile; fileRef = 47EC015D29AEE5C300BD0F03 /* SceneDelegate.swift */; };
		47EC016029AEE5C300BD0F03 /* ViewController.swift in Sources */ = {isa = PBXBuildFile; fileRef = 47EC015F29AEE5C300BD0F03 /* ViewController.swift */; };
		47EC016329AEE5C300BD0F03 /* Main.storyboard in Resources */ = {isa = PBXBuildFile; fileRef = 47EC016129AEE5C300BD0F03 /* Main.storyboard */; };
		47EC016529AEE5C600BD0F03 /* Assets.xcassets in Resources */ = {isa = PBXBuildFile; fileRef = 47EC016429AEE5C600BD0F03 /* Assets.xcassets */; };
		47EC016829AEE5C600BD0F03 /* LaunchScreen.storyboard in Resources */ = {isa = PBXBuildFile; fileRef = 47EC016629AEE5C600BD0F03 /* LaunchScreen.storyboard */; };
		47EC017329AEE5C600BD0F03 /* AR_App_1Tests.swift in Sources */ = {isa = PBXBuildFile; fileRef = 47EC017229AEE5C600BD0F03 /* AR_App_1Tests.swift */; };
		47EC017D29AEE5C600BD0F03 /* AR_App_1UITests.swift in Sources */ = {isa = PBXBuildFile; fileRef = 47EC017C29AEE5C600BD0F03 /* AR_App_1UITests.swift */; };
		47EC017F29AEE5C600BD0F03 /* AR_App_1UITestsLaunchTests.swift in Sources */ = {isa = PBXBuildFile; fileRef = 47EC017E29AEE5C600BD0F03 /* AR_App_1UITestsLaunchTests.swift */; };
/* End PBXBuildFile section */

/* Begin PBXContainerItemProxy section */
		47EC016F29AEE5C600BD0F03 /* PBXContainerItemProxy */ = {
			isa = PBXContainerItemProxy;
			containerPortal = 47EC015029AEE5C300BD0F03 /* Project object */;
			proxyType = 1;
			remoteGlobalIDString = 47EC015729AEE5C300BD0F03;
			remoteInfo = AR_App_1;
		};
		47EC017929AEE5C600BD0F03 /* PBXContainerItemProxy */ = {
			isa = PBXContainerItemProxy;
			containerPortal = 47EC015029AEE5C300BD0F03 /* Project object */;
			proxyType = 1;
			remoteGlobalIDString = 47EC015729AEE5C300BD0F03;
			remoteInfo = AR_App_1;
		};
/* End PBXContainerItemProxy section */

/* Begin PBXFileReference section */
		47EC015829AEE5C300BD0F03 /* AR_App_1.app */ = {isa = PBXFileReference; explicitFileType = wrapper.application; includeInIndex = 0; path = AR_App_1.app; sourceTree = BUILT_PRODUCTS_DIR; };
		47EC015B29AEE5C300BD0F03 /* AppDelegate.swift */ = {isa = PBXFileReference; lastKnownFileType = sourcecode.swift; path = AppDelegate.swift; sourceTree = "<group>"; };
		47EC015D29AEE5C300BD0F03 /* SceneDelegate.swift */ = {isa = PBXFileReference; lastKnownFileType = sourcecode.swift; path = SceneDelegate.swift; sourceTree = "<group>"; };
		47EC015F29AEE5C300BD0F03 /* ViewController.swift */ = {isa = PBXFileReference; lastKnownFileType = sourcecode.swift; path = ViewController.swift; sourceTree = "<group>"; };
		47EC016229AEE5C300BD0F03 /* Base */ = {isa = PBXFileReference; lastKnownFileType = file.storyboard; name = Base; path = Base.lproj/Main.storyboard; sourceTree = "<group>"; };
		47EC016429AEE5C600BD0F03 /* Assets.xcassets */ = {isa = PBXFileReference; lastKnownFileType = folder.assetcatalog; path = Assets.xcassets; sourceTree = "<group>"; };
		47EC016729AEE5C600BD0F03 /* Base */ = {isa = PBXFileReference; lastKnownFileType = file.storyboard; name = Base; path = Base.lproj/LaunchScreen.storyboard; sourceTree = "<group>"; };
		47EC016929AEE5C600BD0F03 /* Info.plist */ = {isa = PBXFileReference; lastKnownFileType = text.plist.xml; path = Info.plist; sourceTree = "<group>"; };
		47EC016E29AEE5C600BD0F03 /* AR_App_1Tests.xctest */ = {isa = PBXFileReference; explicitFileType = wrapper.cfbundle; includeInIndex = 0; path = AR_App_1Tests.xctest; sourceTree = BUILT_PRODUCTS_DIR; };
		47EC017229AEE5C600BD0F03 /* AR_App_1Tests.swift */ = {isa = PBXFileReference; lastKnownFileType = sourcecode.swift; path = AR_App_1Tests.swift; sourceTree = "<group>"; };
		47EC017829AEE5C600BD0F03 /* AR_App_1UITests.xctest */ = {isa = PBXFileReference; explicitFileType = wrapper.cfbundle; includeInIndex = 0; path = AR_App_1UITests.xctest; sourceTree = BUILT_PRODUCTS_DIR; };
		47EC017C29AEE5C600BD0F03 /* AR_App_1UITests.swift */ = {isa = PBXFileReference; lastKnownFileType = sourcecode.swift; path = AR_App_1UITests.swift; sourceTree = "<group>"; };
		47EC017E29AEE5C600BD0F03 /* AR_App_1UITestsLaunchTests.swift */ = {isa = PBXFileReference; lastKnownFileType = sourcecode.swift; path = AR_App_1UITestsLaunchTests.swift; sourceTree = "<group>"; };
/* End PBXFileReference section */

/* Begin PBXFrameworksBuildPhase section */
		47EC015529AEE5C300BD0F03 /* Frameworks */ = {
			isa = PBXFrameworksBuildPhase;
			buildActionMask = 2147483647;
			files = (
			);
			runOnlyForDeploymentPostprocessing = 0;
		};
		47EC016B29AEE5C600BD0F03 /* Frameworks */ = {
			isa = PBXFrameworksBuildPhase;
			buildActionMask = 2147483647;
			files = (
			);
			runOnlyForDeploymentPostprocessing = 0;
		};
		47EC017529AEE5C600BD0F03 /* Frameworks */ = {
			isa = PBXFrameworksBuildPhase;
			buildActionMask = 2147483647;
			files = (
			);
			runOnlyForDeploymentPostprocessing = 0;
		};
/* End PBXFrameworksBuildPhase section */

/* Begin PBXGroup section */
		47EC014F29AEE5C300BD0F03 = {
			isa = PBXGroup;
			children = (
				47EC015A29AEE5C300BD0F03 /* AR_App_1 */,
				47EC017129AEE5C600BD0F03 /* AR_App_1Tests */,
				47EC017B29AEE5C600BD0F03 /* AR_App_1UITests */,
				47EC015929AEE5C300BD0F03 /* Products */,
			);
			sourceTree = "<group>";
		};
		47EC015929AEE5C300BD0F03 /* Products */ = {
			isa = PBXGroup;
			children = (
				47EC015829AEE5C300BD0F03 /* AR_App_1.app */,
				47EC016E29AEE5C600BD0F03 /* AR_App_1Tests.xctest */,
				47EC017829AEE5C600BD0F03 /* AR_App_1UITests.xctest */,
			);
			name = Products;
			sourceTree = "<group>";
		};
		47EC015A29AEE5C300BD0F03 /* AR_App_1 */ = {
			isa = PBXGroup;
			children = (
				47EC015B29AEE5C300BD0F03 /* AppDelegate.swift */,
				47EC015D29AEE5C300BD0F03 /* SceneDelegate.swift */,
				47EC015F29AEE5C300BD0F03 /* ViewController.swift */,
				47EC016129AEE5C300BD0F03 /* Main.storyboard */,
				47EC016429AEE5C600BD0F03 /* Assets.xcassets */,
				47EC016629AEE5C600BD0F03 /* LaunchScreen.storyboard */,
				47EC016929AEE5C600BD0F03 /* Info.plist */,
			);
			path = AR_App_1;
			sourceTree = "<group>";
		};
		47EC017129AEE5C600BD0F03 /* AR_App_1Tests */ = {
			isa = PBXGroup;
			children = (
				47EC017229AEE5C600BD0F03 /* AR_App_1Tests.swift */,
			);
			path = AR_App_1Tests;
			sourceTree = "<group>";
		};
		47EC017B29AEE5C600BD0F03 /* AR_App_1UITests */ = {
			isa = PBXGroup;
			children = (
				47EC017C29AEE5C600BD0F03 /* AR_App_1UITests.swift */,
				47EC017E29AEE5C600BD0F03 /* AR_App_1UITestsLaunchTests.swift */,
			);
			path = AR_App_1UITests;
			sourceTree = "<group>";
		};
/* End PBXGroup section */

/* Begin PBXNativeTarget section */
		47EC015729AEE5C300BD0F03 /* AR_App_1 */ = {
			isa = PBXNativeTarget;
			buildConfigurationList = 47EC018229AEE5C600BD0F03 /* Build configuration list for PBXNativeTarget "AR_App_1" */;
			buildPhases = (
				47EC015429AEE5C300BD0F03 /* Sources */,
				47EC015529AEE5C300BD0F03 /* Frameworks */,
				47EC015629AEE5C300BD0F03 /* Resources */,
			);
			buildRules = (
			);
			dependencies = (
			);
			name = AR_App_1;
			productName = AR_App_1;
			productReference = 47EC015829AEE5C300BD0F03 /* AR_App_1.app */;
			productType = "com.apple.product-type.application";
		};
		47EC016D29AEE5C600BD0F03 /* AR_App_1Tests */ = {
			isa = PBXNativeTarget;
			buildConfigurationList = 47EC018529AEE5C600BD0F03 /* Build configuration list for PBXNativeTarget "AR_App_1Tests" */;
			buildPhases = (
				47EC016A29AEE5C600BD0F03 /* Sources */,
				47EC016B29AEE5C600BD0F03 /* Frameworks */,
				47EC016C29AEE5C600BD0F03 /* Resources */,
			);
			buildRules = (
			);
			dependencies = (
				47EC017029AEE5C600BD0F03 /* PBXTargetDependency */,
			);
			name = AR_App_1Tests;
			productName = AR_App_1Tests;
			productReference = 47EC016E29AEE5C600BD0F03 /* AR_App_1Tests.xctest */;
			productType = "com.apple.product-type.bundle.unit-test";
		};
		47EC017729AEE5C600BD0F03 /* AR_App_1UITests */ = {
			isa = PBXNativeTarget;
			buildConfigurationList = 47EC018829AEE5C600BD0F03 /* Build configuration list for PBXNativeTarget "AR_App_1UITests" */;
			buildPhases = (
				47EC017429AEE5C600BD0F03 /* Sources */,
				47EC017529AEE5C600BD0F03 /* Frameworks */,
				47EC017629AEE5C600BD0F03 /* Resources */,
			);
			buildRules = (
			);
			dependencies = (
				47EC017A29AEE5C600BD0F03 /* PBXTargetDependency */,
			);
			name = AR_App_1UITests;
			productName = AR_App_1UITests;
			productReference = 47EC017829AEE5C600BD0F03 /* AR_App_1UITests.xctest */;
			productType = "com.apple.product-type.bundle.ui-testing";
		};
/* End PBXNativeTarget section */

/* Begin PBXProject section */
		47EC015029AEE5C300BD0F03 /* Project object */ = {
			isa = PBXProject;
			attributes = {
				BuildIndependentTargetsInParallel = 1;
				LastSwiftUpdateCheck = 1420;
				LastUpgradeCheck = 1420;
				TargetAttributes = {
					47EC015729AEE5C300BD0F03 = {
						CreatedOnToolsVersion = 14.2;
					};
					47EC016D29AEE5C600BD0F03 = {
						CreatedOnToolsVersion = 14.2;
						TestTargetID = 47EC015729AEE5C300BD0F03;
					};
					47EC017729AEE5C600BD0F03 = {
						CreatedOnToolsVersion = 14.2;
						TestTargetID = 47EC015729AEE5C300BD0F03;
					};
				};
			};
			buildConfigurationList = 47EC015329AEE5C300BD0F03 /* Build configuration list for PBXProject "AR_App_1" */;
			compatibilityVersion = "Xcode 14.0";
			developmentRegion = en;
			hasScannedForEncodings = 0;
			knownRegions = (
				en,
				Base,
			);
			mainGroup = 47EC014F29AEE5C300BD0F03;
			productRefGroup = 47EC015929AEE5C300BD0F03 /* Products */;
			projectDirPath = "";
			projectRoot = "";
			targets = (
				47EC015729AEE5C300BD0F03 /* AR_App_1 */,
				47EC016D29AEE5C600BD0F03 /* AR_App_1Tests */,
				47EC017729AEE5C600BD0F03 /* AR_App_1UITests */,
			);
		};
/* End PBXProject section */

/* Begin PBXResourcesBuildPhase section */
		47EC015629AEE5C300BD0F03 /* Resources */ = {
			isa = PBXResourcesBuildPhase;
			buildActionMask = 2147483647;
			files = (
				47EC016829AEE5C600BD0F03 /* LaunchScreen.storyboard in Resources */,
				47EC016529AEE5C600BD0F03 /* Assets.xcassets in Resources */,
				47EC016329AEE5C300BD0F03 /* Main.storyboard in Resources */,
			);
			runOnlyForDeploymentPostprocessing = 0;
		};
		47EC016C29AEE5C600BD0F03 /* Resources */ = {
			isa = PBXResourcesBuildPhase;
			buildActionMask = 2147483647;
			files = (
			);
			runOnlyForDeploymentPostprocessing = 0;
		};
		47EC017629AEE5C600BD0F03 /* Resources */ = {
			isa = PBXResourcesBuildPhase;
			buildActionMask = 2147483647;
			files = (
			);
			runOnlyForDeploymentPostprocessing = 0;
		};
/* End PBXResourcesBuildPhase section */

/* Begin PBXSourcesBuildPhase section */
		47EC015429AEE5C300BD0F03 /* Sources */ = {
			isa = PBXSourcesBuildPhase;
			buildActionMask = 2147483647;
			files = (
				47EC016029AEE5C300BD0F03 /* ViewController.swift in Sources */,
				47EC015C29AEE5C300BD0F03 /* AppDelegate.swift in Sources */,
				47EC015E29AEE5C300BD0F03 /* SceneDelegate.swift in Sources */,
			);
			runOnlyForDeploymentPostprocessing = 0;
		};
		47EC016A29AEE5C600BD0F03 /* Sources */ = {
			isa = PBXSourcesBuildPhase;
			buildActionMask = 2147483647;
			files = (
				47EC017329AEE5C600BD0F03 /* AR_App_1Tests.swift in Sources */,
			);
			runOnlyForDeploymentPostprocessing = 0;
		};
		47EC017429AEE5C600BD0F03 /* Sources */ = {
			isa = PBXSourcesBuildPhase;
			buildActionMask = 2147483647;
			files = (
				47EC017F29AEE5C600BD0F03 /* AR_App_1UITestsLaunchTests.swift in Sources */,
				47EC017D29AEE5C600BD0F03 /* AR_App_1UITests.swift in Sources */,
			);
			runOnlyForDeploymentPostprocessing = 0;
		};
/* End PBXSourcesBuildPhase section */

/* Begin PBXTargetDependency section */
		47EC017029AEE5C600BD0F03 /* PBXTargetDependency */ = {
			isa = PBXTargetDependency;
			target = 47EC015729AEE5C300BD0F03 /* AR_App_1 */;
			targetProxy = 47EC016F29AEE5C600BD0F03 /* PBXContainerItemProxy */;
		};
		47EC017A29AEE5C600BD0F03 /* PBXTargetDependency */ = {
			isa = PBXTargetDependency;
			target = 47EC015729AEE5C300BD0F03 /* AR_App_1 */;
			targetProxy = 47EC017929AEE5C600BD0F03 /* PBXContainerItemProxy */;
		};
/* End PBXTargetDependency section */

/* Begin PBXVariantGroup section */
		47EC016129AEE5C300BD0F03 /* Main.storyboard */ = {
			isa = PBXVariantGroup;
			children = (
				47EC016229AEE5C300BD0F03 /* Base */,
			);
			name = Main.storyboard;
			sourceTree = "<group>";
		};
		47EC016629AEE5C600BD0F03 /* LaunchScreen.storyboard */ = {
			isa = PBXVariantGroup;
			children = (
				47EC016729AEE5C600BD0F03 /* Base */,
			);
			name = LaunchScreen.storyboard;
			sourceTree = "<group>";
		};
/* End PBXVariantGroup section */

/* Begin XCBuildConfiguration section */
		47EC018029AEE5C600BD0F03 /* Debug */ = {
			isa = XCBuildConfiguration;
			buildSettings = {
				ALWAYS_SEARCH_USER_PATHS = NO;
				CLANG_ANALYZER_NONNULL = YES;
				CLANG_ANALYZER_NUMBER_OBJECT_CONVERSION = YES_AGGRESSIVE;
				CLANG_CXX_LANGUAGE_STANDARD = "gnu++20";
				CLANG_ENABLE_MODULES = YES;
				CLANG_ENABLE_OBJC_ARC = YES;
				CLANG_ENABLE_OBJC_WEAK = YES;
				CLANG_WARN_BLOCK_CAPTURE_AUTORELEASING = YES;
				CLANG_WARN_BOOL_CONVERSION = YES;
				CLANG_WARN_COMMA = YES;
				CLANG_WARN_CONSTANT_CONVERSION = YES;
				CLANG_WARN_DEPRECATED_OBJC_IMPLEMENTATIONS = YES;
				CLANG_WARN_DIRECT_OBJC_ISA_USAGE = YES_ERROR;
				CLANG_WARN_DOCUMENTATION_COMMENTS = YES;
				CLANG_WARN_EMPTY_BODY = YES;
				CLANG_WARN_ENUM_CONVERSION = YES;
				CLANG_WARN_INFINITE_RECURSION = YES;
				CLANG_WARN_INT_CONVERSION = YES;
				CLANG_WARN_NON_LITERAL_NULL_CONVERSION = YES;
				CLANG_WARN_OBJC_IMPLICIT_RETAIN_SELF = YES;
				CLANG_WARN_OBJC_LITERAL_CONVERSION = YES;
				CLANG_WARN_OBJC_ROOT_CLASS = YES_ERROR;
				CLANG_WARN_QUOTED_INCLUDE_IN_FRAMEWORK_HEADER = YES;
				CLANG_WARN_RANGE_LOOP_ANALYSIS = YES;
				CLANG_WARN_STRICT_PROTOTYPES = YES;
				CLANG_WARN_SUSPICIOUS_MOVE = YES;
				CLANG_WARN_UNGUARDED_AVAILABILITY = YES_AGGRESSIVE;
				CLANG_WARN_UNREACHABLE_CODE = YES;
				CLANG_WARN__DUPLICATE_METHOD_MATCH = YES;
				COPY_PHASE_STRIP = NO;
				DEBUG_INFORMATION_FORMAT = dwarf;
				ENABLE_STRICT_OBJC_MSGSEND = YES;
				ENABLE_TESTABILITY = YES;
				GCC_C_LANGUAGE_STANDARD = gnu11;
				GCC_DYNAMIC_NO_PIC = NO;
				GCC_NO_COMMON_BLOCKS = YES;
				GCC_OPTIMIZATION_LEVEL = 0;
				GCC_PREPROCESSOR_DEFINITIONS = (
					"DEBUG=1",
					"$(inherited)",
				);
				GCC_WARN_64_TO_32_BIT_CONVERSION = YES;
				GCC_WARN_ABOUT_RETURN_TYPE = YES_ERROR;
				GCC_WARN_UNDECLARED_SELECTOR = YES;
				GCC_WARN_UNINITIALIZED_AUTOS = YES_AGGRESSIVE;
				GCC_WARN_UNUSED_FUNCTION = YES;
				GCC_WARN_UNUSED_VARIABLE = YES;
				IPHONEOS_DEPLOYMENT_TARGET = 16.2;
				MTL_ENABLE_DEBUG_INFO = INCLUDE_SOURCE;
				MTL_FAST_MATH = YES;
				ONLY_ACTIVE_ARCH = YES;
				SDKROOT = iphoneos;
				SWIFT_ACTIVE_COMPILATION_CONDITIONS = DEBUG;
				SWIFT_OPTIMIZATION_LEVEL = "-Onone";
			};
			name = Debug;
		};
		47EC018129AEE5C600BD0F03 /* Release */ = {
			isa = XCBuildConfiguration;
			buildSettings = {
				ALWAYS_SEARCH_USER_PATHS = NO;
				CLANG_ANALYZER_NONNULL = YES;
				CLANG_ANALYZER_NUMBER_OBJECT_CONVERSION = YES_AGGRESSIVE;
				CLANG_CXX_LANGUAGE_STANDARD = "gnu++20";
				CLANG_ENABLE_MODULES = YES;
				CLANG_ENABLE_OBJC_ARC = YES;
				CLANG_ENABLE_OBJC_WEAK = YES;
				CLANG_WARN_BLOCK_CAPTURE_AUTORELEASING = YES;
				CLANG_WARN_BOOL_CONVERSION = YES;
				CLANG_WARN_COMMA = YES;
				CLANG_WARN_CONSTANT_CONVERSION = YES;
				CLANG_WARN_DEPRECATED_OBJC_IMPLEMENTATIONS = YES;
				CLANG_WARN_DIRECT_OBJC_ISA_USAGE = YES_ERROR;
				CLANG_WARN_DOCUMENTATION_COMMENTS = YES;
				CLANG_WARN_EMPTY_BODY = YES;
				CLANG_WARN_ENUM_CONVERSION = YES;
				CLANG_WARN_INFINITE_RECURSION = YES;
				CLANG_WARN_INT_CONVERSION = YES;
				CLANG_WARN_NON_LITERAL_NULL_CONVERSION = YES;
				CLANG_WARN_OBJC_IMPLICIT_RETAIN_SELF = YES;
				CLANG_WARN_OBJC_LITERAL_CONVERSION = YES;
				CLANG_WARN_OBJC_ROOT_CLASS = YES_ERROR;
				CLANG_WARN_QUOTED_INCLUDE_IN_FRAMEWORK_HEADER = YES;
				CLANG_WARN_RANGE_LOOP_ANALYSIS = YES;
				CLANG_WARN_STRICT_PROTOTYPES = YES;
				CLANG_WARN_SUSPICIOUS_MOVE = YES;
				CLANG_WARN_UNGUARDED_AVAILABILITY = YES_AGGRESSIVE;
				CLANG_WARN_UNREACHABLE_CODE = YES;
				CLANG_WARN__DUPLICATE_METHOD_MATCH = YES;
				COPY_PHASE_STRIP = NO;
				DEBUG_INFORMATION_FORMAT = "dwarf-with-dsym";
				ENABLE_NS_ASSERTIONS = NO;
				ENABLE_STRICT_OBJC_MSGSEND = YES;
				GCC_C_LANGUAGE_STANDARD = gnu11;
				GCC_NO_COMMON_BLOCKS = YES;
				GCC_WARN_64_TO_32_BIT_CONVERSION = YES;
				GCC_WARN_ABOUT_RETURN_TYPE = YES_ERROR;
				GCC_WARN_UNDECLARED_SELECTOR = YES;
				GCC_WARN_UNINITIALIZED_AUTOS = YES_AGGRESSIVE;
				GCC_WARN_UNUSED_FUNCTION = YES;
				GCC_WARN_UNUSED_VARIABLE = YES;
				IPHONEOS_DEPLOYMENT_TARGET = 16.2;
				MTL_ENABLE_DEBUG_INFO = NO;
				MTL_FAST_MATH = YES;
				SDKROOT = iphoneos;
				SWIFT_COMPILATION_MODE = wholemodule;
				SWIFT_OPTIMIZATION_LEVEL = "-O";
				VALIDATE_PRODUCT = YES;
			};
			name = Release;
		};
		47EC018329AEE5C600BD0F03 /* Debug */ = {
			isa = XCBuildConfiguration;
			buildSettings = {
				ASSETCATALOG_COMPILER_APPICON_NAME = AppIcon;
				ASSETCATALOG_COMPILER_GLOBAL_ACCENT_COLOR_NAME = AccentColor;
				CODE_SIGN_STYLE = Automatic;
				CURRENT_PROJECT_VERSION = 1;
				GENERATE_INFOPLIST_FILE = YES;
				INFOPLIST_FILE = AR_App_1/Info.plist;
				INFOPLIST_KEY_UIApplicationSupportsIndirectInputEvents = YES;
				INFOPLIST_KEY_UILaunchStoryboardName = LaunchScreen;
				INFOPLIST_KEY_UIMainStoryboardFile = Main;
				INFOPLIST_KEY_UISupportedInterfaceOrientations_iPad = "UIInterfaceOrientationPortrait UIInterfaceOrientationPortraitUpsideDown UIInterfaceOrientationLandscapeLeft UIInterfaceOrientationLandscapeRight";
				INFOPLIST_KEY_UISupportedInterfaceOrientations_iPhone = "UIInterfaceOrientationPortrait UIInterfaceOrientationLandscapeLeft UIInterfaceOrientationLandscapeRight";
				LD_RUNPATH_SEARCH_PATHS = (
					"$(inherited)",
					"@executable_path/Frameworks",
				);
				MARKETING_VERSION = 1.0;
				PRODUCT_BUNDLE_IDENTIFIER = "com.AR-App-1";
				PRODUCT_NAME = "$(TARGET_NAME)";
				SWIFT_EMIT_LOC_STRINGS = YES;
				SWIFT_VERSION = 5.0;
				TARGETED_DEVICE_FAMILY = "1,2";
			};
			name = Debug;
		};
		47EC018429AEE5C600BD0F03 /* Release */ = {
			isa = XCBuildConfiguration;
			buildSettings = {
				ASSETCATALOG_COMPILER_APPICON_NAME = AppIcon;
				ASSETCATALOG_COMPILER_GLOBAL_ACCENT_COLOR_NAME = AccentColor;
				CODE_SIGN_STYLE = Automatic;
				CURRENT_PROJECT_VERSION = 1;
				GENERATE_INFOPLIST_FILE = YES;
				INFOPLIST_FILE = AR_App_1/Info.plist;
				INFOPLIST_KEY_UIApplicationSupportsIndirectInputEvents = YES;
				INFOPLIST_KEY_UILaunchStoryboardName = LaunchScreen;
				INFOPLIST_KEY_UIMainStoryboardFile = Main;
				INFOPLIST_KEY_UISupportedInterfaceOrientations_iPad = "UIInterfaceOrientationPortrait UIInterfaceOrientationPortraitUpsideDown UIInterfaceOrientationLandscapeLeft UIInterfaceOrientationLandscapeRight";
				INFOPLIST_KEY_UISupportedInterfaceOrientations_iPhone = "UIInterfaceOrientationPortrait UIInterfaceOrientationLandscapeLeft UIInterfaceOrientationLandscapeRight";
				LD_RUNPATH_SEARCH_PATHS = (
					"$(inherited)",
					"@executable_path/Frameworks",
				);
				MARKETING_VERSION = 1.0;
				PRODUCT_BUNDLE_IDENTIFIER = "com.AR-App-1";
				PRODUCT_NAME = "$(TARGET_NAME)";
				SWIFT_EMIT_LOC_STRINGS = YES;
				SWIFT_VERSION = 5.0;
				TARGETED_DEVICE_FAMILY = "1,2";
			};
			name = Release;
		};
		47EC018629AEE5C600BD0F03 /* Debug */ = {
			isa = XCBuildConfiguration;
			buildSettings = {
				ALWAYS_EMBED_SWIFT_STANDARD_LIBRARIES = YES;
				BUNDLE_LOADER = "$(TEST_HOST)";
				CODE_SIGN_STYLE = Automatic;
				CURRENT_PROJECT_VERSION = 1;
				GENERATE_INFOPLIST_FILE = YES;
				IPHONEOS_DEPLOYMENT_TARGET = 16.2;
				MARKETING_VERSION = 1.0;
				PRODUCT_BUNDLE_IDENTIFIER = "com.AR-App-1Tests";
				PRODUCT_NAME = "$(TARGET_NAME)";
				SWIFT_EMIT_LOC_STRINGS = NO;
				SWIFT_VERSION = 5.0;
				TARGETED_DEVICE_FAMILY = "1,2";
				TEST_HOST = "$(BUILT_PRODUCTS_DIR)/AR_App_1.app/$(BUNDLE_EXECUTABLE_FOLDER_PATH)/AR_App_1";
			};
			name = Debug;
		};
		47EC018729AEE5C600BD0F03 /* Release */ = {
			isa = XCBuildConfiguration;
			buildSettings = {
				ALWAYS_EMBED_SWIFT_STANDARD_LIBRARIES = YES;
				BUNDLE_LOADER = "$(TEST_HOST)";
				CODE_SIGN_STYLE = Automatic;
				CURRENT_PROJECT_VERSION = 1;
				GENERATE_INFOPLIST_FILE = YES;
				IPHONEOS_DEPLOYMENT_TARGET = 16.2;
				MARKETING_VERSION = 1.0;
				PRODUCT_BUNDLE_IDENTIFIER = "com.AR-App-1Tests";
				PRODUCT_NAME = "$(TARGET_NAME)";
				SWIFT_EMIT_LOC_STRINGS = NO;
				SWIFT_VERSION = 5.0;
				TARGETED_DEVICE_FAMILY = "1,2";
				TEST_HOST = "$(BUILT_PRODUCTS_DIR)/AR_App_1.app/$(BUNDLE_EXECUTABLE_FOLDER_PATH)/AR_App_1";
			};
			name = Release;
		};
		47EC018929AEE5C600BD0F03 /* Debug */ = {
			isa = XCBuildConfiguration;
			buildSettings = {
				ALWAYS_EMBED_SWIFT_STANDARD_LIBRARIES = YES;
				CODE_SIGN_STYLE = Automatic;
				CURRENT_PROJECT_VERSION = 1;
				GENERATE_INFOPLIST_FILE = YES;
				MARKETING_VERSION = 1.0;
				PRODUCT_BUNDLE_IDENTIFIER = "com.AR-App-1UITests";
				PRODUCT_NAME = "$(TARGET_NAME)";
				SWIFT_EMIT_LOC_STRINGS = NO;
				SWIFT_VERSION = 5.0;
				TARGETED_DEVICE_FAMILY = "1,2";
				TEST_TARGET_NAME = AR_App_1;
			};
			name = Debug;
		};
		47EC018A29AEE5C600BD0F03 /* Release */ = {
			isa = XCBuildConfiguration;
			buildSettings = {
				ALWAYS_EMBED_SWIFT_STANDARD_LIBRARIES = YES;
				CODE_SIGN_STYLE = Automatic;
				CURRENT_PROJECT_VERSION = 1;
				GENERATE_INFOPLIST_FILE = YES;
				MARKETING_VERSION = 1.0;
				PRODUCT_BUNDLE_IDENTIFIER = "com.AR-App-1UITests";
				PRODUCT_NAME = "$(TARGET_NAME)";
				SWIFT_EMIT_LOC_STRINGS = NO;
				SWIFT_VERSION = 5.0;
				TARGETED_DEVICE_FAMILY = "1,2";
				TEST_TARGET_NAME = AR_App_1;
			};
			name = Release;
		};
/* End XCBuildConfiguration section */

/* Begin XCConfigurationList section */
		47EC015329AEE5C300BD0F03 /* Build configuration list for PBXProject "AR_App_1" */ = {
			isa = XCConfigurationList;
			buildConfigurations = (
				47EC018029AEE5C600BD0F03 /* Debug */,
				47EC018129AEE5C600BD0F03 /* Release */,
			);
			defaultConfigurationIsVisible = 0;
			defaultConfigurationName = Release;
		};
		47EC018229AEE5C600BD0F03 /* Build configuration list for PBXNativeTarget "AR_App_1" */ = {
			isa = XCConfigurationList;
			buildConfigurations = (
				47EC018329AEE5C600BD0F03 /* Debug */,
				47EC018429AEE5C600BD0F03 /* Release */,
			);
			defaultConfigurationIsVisible = 0;
			defaultConfigurationName = Release;
		};
		47EC018529AEE5C600BD0F03 /* Build configuration list for PBXNativeTarget "AR_App_1Tests" */ = {
			isa = XCConfigurationList;
			buildConfigurations = (
				47EC018629AEE5C600BD0F03 /* Debug */,
				47EC018729AEE5C600BD0F03 /* Release */,
			);
			defaultConfigurationIsVisible = 0;
			defaultConfigurationName = Release;
		};
		47EC018829AEE5C600BD0F03 /* Build configuration list for PBXNativeTarget "AR_App_1UITests" */ = {
			isa = XCConfigurationList;
			buildConfigurations = (
				47EC018929AEE5C600BD0F03 /* Debug */,
				47EC018A29AEE5C600BD0F03 /* Release */,
			);
			defaultConfigurationIsVisible = 0;
			defaultConfigurationName = Release;
		};
/* End XCConfigurationList section */
	};
	rootObject = 47EC015029AEE5C300BD0F03 /* Project object */;
}
